github.com/bipol/nba v0.0.0-20190219230620-fb13dd8b50aa h1:T0flpql1lWEv4LiqBY8rX4mYDULPBF3kAYP19YSPDOo=
github.com/bipol/nba v0.0.0-20190219230620-fb13dd8b50aa/go.mod h1:uQzbOQKyjEEuCE7AiBOPU2VBYNPoRopGAgGOhNQCa7Q=
github.com/bipol/nba v0.0.0-20190219233458-c0fd3ee37e20 h1:k+LNLLkW7VqWL6Zz9et4eoNYTPApJl4BFV98n1LGevk=
github.com/bipol/nba v0.0.0-20190219233458-c0fd3ee37e20/go.mod h1:uQzbOQKyjEEuCE7AiBOPU2VBYNPoRopGAgGOhNQCa7Q=
github.com/davecgh/go-spew v1.1.1 h1:vj9j/u1bqnvCEfJOwUhtlOARqs3+rkHYY13jYWTU97c=
github.com/davecgh/go-spew v1.1.1/go.mod h1:J7Y8YcW2NihsgmVo/mv3lAwl/skON4iLHjSsI+c5H38=
